{
    "_readme": [
        "This file locks the dependencies of your project to a known state",
        "Read more about it at https://getcomposer.org/doc/01-basic-usage.md#installing-dependencies",
        "This file is @generated automatically"
    ],
    "content-hash": "c1583d40f882af7bafcb1714e92d7dda",
    "packages": [
        {
            "name": "phpcap/phpcap",
            "version": "0.3.3",
            "source": {
                "type": "git",
                "url": "https://github.com/aarenson/PHPCap.git",
                "reference": "7af71a5481120f5efa1ad0f1bd640044b61286df"
            },
            "dist": {
                "type": "zip",
                "url": "https://api.github.com/repos/aarenson/PHPCap/zipball/7af71a5481120f5efa1ad0f1bd640044b61286df",
                "reference": "7af71a5481120f5efa1ad0f1bd640044b61286df",
                "shasum": ""
            },
            "require": {
                "ext-curl": "*",
                "ext-openssl": "*",
                "php": ">=5.6.0"
            },
            "require-dev": {
                "apigen/apigen": "v4.1.2",
                "erusev/parsedown": "1.6.2",
                "kzykhys/php-csv-parser": "1.4.1",
                "phpunit/phpunit": "5.7.15",
                "squizlabs/php_codesniffer": "3.2.3"
            },
            "type": "library",
            "autoload": {
                "psr-4": {
                    "IU\\PHPCap\\": "src/"
                }
            },
            "notification-url": "https://packagist.org/downloads/",
            "license": [
                "Apache-2.0"
            ],
            "description": "PHP API for REDCap",
            "keywords": [
                "redcap"
            ],
            "time": "2019-03-10T15:32:57+00:00"
        }
    ],
    "packages-dev": [],
    "aliases": [],
    "minimum-stability": "stable",
    "stability-flags": [],
    "prefer-stable": false,
    "prefer-lowest": false,
    "platform": {
        "ext-json": "*"
    },
    "platform-dev": []
}
